
Microsoft Visual Studio Solution File, Format Version 12.00
# Visual Studio Version 17
VisualStudioVersion = 17.11.35303.130
MinimumVisualStudioVersion = 10.0.40219.1
Project("{FAE04EC0-301F-11D3-BF4B-00C04F79EFBC}") = "AspCoreWebAPICRUD", "AspCoreWebAPICRUD.csproj", "{3D4CEF75-C668-4C09-8139-D5DBCE74239E}"
EndProject
Global
	GlobalSection(SolutionConfigurationPlatforms) = preSolution
		Debug|Any CPU = Debug|Any CPU
		Release|Any CPU = Release|Any CPU
	EndGlobalSection
	GlobalSection(ProjectConfigurationPlatforms) = postSolution
		{3D4CEF75-C668-4C09-8139-D5DBCE74239E}.Debug|Any CPU.ActiveCfg = Debug|Any CPU
		{3D4CEF75-C668-4C09-8139-D5DBCE74239E}.Debug|Any CPU.Build.0 = Debug|Any CPU
		{3D4CEF75-C668-4C09-8139-D5DBCE74239E}.Release|Any CPU.ActiveCfg = Release|Any CPU
		{3D4CEF75-C668-4C09-8139-D5DBCE74239E}.Release|Any CPU.Build.0 = Release|Any CPU
	EndGlobalSection
	GlobalSection(SolutionProperties) = preSolution
		HideSolutionNode = FALSE
	EndGlobalSection
	GlobalSection(ExtensibilityGlobals) = postSolution
		SolutionGuid = {5B9E112C-7374-41A4-BB8D-87DED70F91D9}
	EndGlobalSection
EndGlobal
