
Microsoft Visual Studio Solution File, Format Version 12.00
# Visual Studio Version 17
VisualStudioVersion = 17.12.35506.116
MinimumVisualStudioVersion = 10.0.40219.1
Project("{FAE04EC0-301F-11D3-BF4B-00C04F79EFBC}") = "RSC", "RSC.csproj", "{CA6E6440-3CB4-4C5C-9397-10FDD5A23D33}"
EndProject
Project("{FAE04EC0-301F-11D3-BF4B-00C04F79EFBC}") = "Models", "..\Models\Models.csproj", "{A64E7C54-1D8D-476F-BC0A-47E3B9E3C9E2}"
EndProject
Project("{FAE04EC0-301F-11D3-BF4B-00C04F79EFBC}") = "PathAndDataBaseConfig", "..\PathAndDataBaseConfig\PathAndDataBaseConfig.csproj", "{88BD6FBD-08DF-429A-8E33-46EA79A040FC}"
EndProject
Project("{FAE04EC0-301F-11D3-BF4B-00C04F79EFBC}") = "DataAcess", "..\DataAcess\DataAcess.csproj", "{F6C3E5E5-FD10-4DAE-AA3C-78A1BC6E6059}"
EndProject
Global
	GlobalSection(SolutionConfigurationPlatforms) = preSolution
		Debug|Any CPU = Debug|Any CPU
		Release|Any CPU = Release|Any CPU
	EndGlobalSection
	GlobalSection(ProjectConfigurationPlatforms) = postSolution
		{CA6E6440-3CB4-4C5C-9397-10FDD5A23D33}.Debug|Any CPU.ActiveCfg = Debug|Any CPU
		{CA6E6440-3CB4-4C5C-9397-10FDD5A23D33}.Debug|Any CPU.Build.0 = Debug|Any CPU
		{CA6E6440-3CB4-4C5C-9397-10FDD5A23D33}.Release|Any CPU.ActiveCfg = Release|Any CPU
		{CA6E6440-3CB4-4C5C-9397-10FDD5A23D33}.Release|Any CPU.Build.0 = Release|Any CPU
		{A64E7C54-1D8D-476F-BC0A-47E3B9E3C9E2}.Debug|Any CPU.ActiveCfg = Debug|Any CPU
		{A64E7C54-1D8D-476F-BC0A-47E3B9E3C9E2}.Debug|Any CPU.Build.0 = Debug|Any CPU
		{A64E7C54-1D8D-476F-BC0A-47E3B9E3C9E2}.Release|Any CPU.ActiveCfg = Release|Any CPU
		{A64E7C54-1D8D-476F-BC0A-47E3B9E3C9E2}.Release|Any CPU.Build.0 = Release|Any CPU
		{88BD6FBD-08DF-429A-8E33-46EA79A040FC}.Debug|Any CPU.ActiveCfg = Debug|Any CPU
		{88BD6FBD-08DF-429A-8E33-46EA79A040FC}.Debug|Any CPU.Build.0 = Debug|Any CPU
		{88BD6FBD-08DF-429A-8E33-46EA79A040FC}.Release|Any CPU.ActiveCfg = Release|Any CPU
		{88BD6FBD-08DF-429A-8E33-46EA79A040FC}.Release|Any CPU.Build.0 = Release|Any CPU
		{F6C3E5E5-FD10-4DAE-AA3C-78A1BC6E6059}.Debug|Any CPU.ActiveCfg = Debug|Any CPU
		{F6C3E5E5-FD10-4DAE-AA3C-78A1BC6E6059}.Debug|Any CPU.Build.0 = Debug|Any CPU
		{F6C3E5E5-FD10-4DAE-AA3C-78A1BC6E6059}.Release|Any CPU.ActiveCfg = Release|Any CPU
		{F6C3E5E5-FD10-4DAE-AA3C-78A1BC6E6059}.Release|Any CPU.Build.0 = Release|Any CPU
	EndGlobalSection
	GlobalSection(SolutionProperties) = preSolution
		HideSolutionNode = FALSE
	EndGlobalSection
	GlobalSection(ExtensibilityGlobals) = postSolution
		SolutionGuid = {D5A4E45B-1455-4DA0-BFE1-F0968A83943E}
	EndGlobalSection
EndGlobal
