
Microsoft Visual Studio Solution File, Format Version 12.00
# Visual Studio Version 17
VisualStudioVersion = 17.12.35506.116
MinimumVisualStudioVersion = 10.0.40219.1
Project("{FAE04EC0-301F-11D3-BF4B-00C04F79EFBC}") = "OMS", "OMS.csproj", "{D2B1903F-8AC1-4F74-BCD3-55EEB5D69610}"
EndProject
Project("{FAE04EC0-301F-11D3-BF4B-00C04F79EFBC}") = "FileProcessses", "..\..\..\..\ADO.NET\FileProcessses\FileProcessses.csproj", "{006806A8-4811-46F6-AE7B-871F238165D1}"
EndProject
Project("{FAE04EC0-301F-11D3-BF4B-00C04F79EFBC}") = "Configuration", "..\..\..\..\ADO.NET\Configuration\Configuration.csproj", "{0F696F97-C000-448B-AAFE-F121F4078B8E}"
EndProject
Project("{FAE04EC0-301F-11D3-BF4B-00C04F79EFBC}") = "FileModel", "..\..\..\..\ADO.NET\FileModel\FileModel.csproj", "{7CAEAAEB-4E82-4FC9-BB82-6DB916F0C72D}"
EndProject
Project("{FAE04EC0-301F-11D3-BF4B-00C04F79EFBC}") = "ProjectHelper", "..\..\..\..\ADO.NET\ProjectHelper\ProjectHelper.csproj", "{4915146F-2E36-4C73-8774-57D2BC9C12F2}"
EndProject
Project("{FAE04EC0-301F-11D3-BF4B-00C04F79EFBC}") = "FilesEnum", "..\..\..\..\ADO.NET\FilesEnum\FilesEnum.csproj", "{74941E16-9BE1-4D19-B6FC-CFFCBB2CC6C6}"
EndProject
Global
	GlobalSection(SolutionConfigurationPlatforms) = preSolution
		Debug|Any CPU = Debug|Any CPU
		Release|Any CPU = Release|Any CPU
	EndGlobalSection
	GlobalSection(ProjectConfigurationPlatforms) = postSolution
		{D2B1903F-8AC1-4F74-BCD3-55EEB5D69610}.Debug|Any CPU.ActiveCfg = Debug|Any CPU
		{D2B1903F-8AC1-4F74-BCD3-55EEB5D69610}.Debug|Any CPU.Build.0 = Debug|Any CPU
		{D2B1903F-8AC1-4F74-BCD3-55EEB5D69610}.Release|Any CPU.ActiveCfg = Release|Any CPU
		{D2B1903F-8AC1-4F74-BCD3-55EEB5D69610}.Release|Any CPU.Build.0 = Release|Any CPU
		{006806A8-4811-46F6-AE7B-871F238165D1}.Debug|Any CPU.ActiveCfg = Debug|Any CPU
		{006806A8-4811-46F6-AE7B-871F238165D1}.Debug|Any CPU.Build.0 = Debug|Any CPU
		{006806A8-4811-46F6-AE7B-871F238165D1}.Release|Any CPU.ActiveCfg = Release|Any CPU
		{006806A8-4811-46F6-AE7B-871F238165D1}.Release|Any CPU.Build.0 = Release|Any CPU
		{0F696F97-C000-448B-AAFE-F121F4078B8E}.Debug|Any CPU.ActiveCfg = Debug|Any CPU
		{0F696F97-C000-448B-AAFE-F121F4078B8E}.Debug|Any CPU.Build.0 = Debug|Any CPU
		{0F696F97-C000-448B-AAFE-F121F4078B8E}.Release|Any CPU.ActiveCfg = Release|Any CPU
		{0F696F97-C000-448B-AAFE-F121F4078B8E}.Release|Any CPU.Build.0 = Release|Any CPU
		{7CAEAAEB-4E82-4FC9-BB82-6DB916F0C72D}.Debug|Any CPU.ActiveCfg = Debug|Any CPU
		{7CAEAAEB-4E82-4FC9-BB82-6DB916F0C72D}.Debug|Any CPU.Build.0 = Debug|Any CPU
		{7CAEAAEB-4E82-4FC9-BB82-6DB916F0C72D}.Release|Any CPU.ActiveCfg = Release|Any CPU
		{7CAEAAEB-4E82-4FC9-BB82-6DB916F0C72D}.Release|Any CPU.Build.0 = Release|Any CPU
		{4915146F-2E36-4C73-8774-57D2BC9C12F2}.Debug|Any CPU.ActiveCfg = Debug|Any CPU
		{4915146F-2E36-4C73-8774-57D2BC9C12F2}.Debug|Any CPU.Build.0 = Debug|Any CPU
		{4915146F-2E36-4C73-8774-57D2BC9C12F2}.Release|Any CPU.ActiveCfg = Release|Any CPU
		{4915146F-2E36-4C73-8774-57D2BC9C12F2}.Release|Any CPU.Build.0 = Release|Any CPU
		{74941E16-9BE1-4D19-B6FC-CFFCBB2CC6C6}.Debug|Any CPU.ActiveCfg = Debug|Any CPU
		{74941E16-9BE1-4D19-B6FC-CFFCBB2CC6C6}.Debug|Any CPU.Build.0 = Debug|Any CPU
		{74941E16-9BE1-4D19-B6FC-CFFCBB2CC6C6}.Release|Any CPU.ActiveCfg = Release|Any CPU
		{74941E16-9BE1-4D19-B6FC-CFFCBB2CC6C6}.Release|Any CPU.Build.0 = Release|Any CPU
	EndGlobalSection
	GlobalSection(SolutionProperties) = preSolution
		HideSolutionNode = FALSE
	EndGlobalSection
EndGlobal
