
Microsoft Visual Studio Solution File, Format Version 12.00
# Visual Studio Version 17
VisualStudioVersion = 17.12.35514.174
MinimumVisualStudioVersion = 10.0.40219.1
Project("{9A19103F-16F7-4668-BE54-9A1E7A4F7556}") = "RMSNextGen.Web", "RMSNextGen.Web\RMSNextGen.Web.csproj", "{EDE68E75-ECFB-4B88-BC6E-D29225E92EFC}"
EndProject
Project("{FAE04EC0-301F-11D3-BF4B-00C04F79EFBC}") = "SMS.Web", "SMS.Web\SMS.Web.csproj", "{4D28B1C6-71A0-4DF1-A047-6020BFBF1971}"
EndProject
Project("{FAE04EC0-301F-11D3-BF4B-00C04F79EFBC}") = "SMS.BAL", "SMS.BAL\SMS.BAL.csproj", "{4BEE0B9F-1BA9-449E-85B8-AF668BE78BE9}"
EndProject
Project("{FAE04EC0-301F-11D3-BF4B-00C04F79EFBC}") = "SMS.DAL", "SMS.DAL\SMS.DAL.csproj", "{1CBDB950-BC46-4AA2-9466-49CDCD47F3EA}"
EndProject
Project("{FAE04EC0-301F-11D3-BF4B-00C04F79EFBC}") = "SMS.Models", "SMS.Models\SMS.Models.csproj", "{157DC2F4-DF85-4AD4-8B31-13CEF7D73EDC}"
EndProject
Project("{2150E333-8FDC-42A3-9474-1A3956D46DE8}") = "SMS", "SMS", "{2B40745B-9EFA-4088-ACF9-3E9574DA05E5}"
EndProject
Global
	GlobalSection(SolutionConfigurationPlatforms) = preSolution
		Debug|Any CPU = Debug|Any CPU
		Release|Any CPU = Release|Any CPU
	EndGlobalSection
	GlobalSection(ProjectConfigurationPlatforms) = postSolution
		{EDE68E75-ECFB-4B88-BC6E-D29225E92EFC}.Debug|Any CPU.ActiveCfg = Debug|Any CPU
		{EDE68E75-ECFB-4B88-BC6E-D29225E92EFC}.Debug|Any CPU.Build.0 = Debug|Any CPU
		{EDE68E75-ECFB-4B88-BC6E-D29225E92EFC}.Release|Any CPU.ActiveCfg = Release|Any CPU
		{EDE68E75-ECFB-4B88-BC6E-D29225E92EFC}.Release|Any CPU.Build.0 = Release|Any CPU
		{4D28B1C6-71A0-4DF1-A047-6020BFBF1971}.Debug|Any CPU.ActiveCfg = Debug|Any CPU
		{4D28B1C6-71A0-4DF1-A047-6020BFBF1971}.Debug|Any CPU.Build.0 = Debug|Any CPU
		{4D28B1C6-71A0-4DF1-A047-6020BFBF1971}.Release|Any CPU.ActiveCfg = Release|Any CPU
		{4D28B1C6-71A0-4DF1-A047-6020BFBF1971}.Release|Any CPU.Build.0 = Release|Any CPU
		{4BEE0B9F-1BA9-449E-85B8-AF668BE78BE9}.Debug|Any CPU.ActiveCfg = Debug|Any CPU
		{4BEE0B9F-1BA9-449E-85B8-AF668BE78BE9}.Debug|Any CPU.Build.0 = Debug|Any CPU
		{4BEE0B9F-1BA9-449E-85B8-AF668BE78BE9}.Release|Any CPU.ActiveCfg = Release|Any CPU
		{4BEE0B9F-1BA9-449E-85B8-AF668BE78BE9}.Release|Any CPU.Build.0 = Release|Any CPU
		{1CBDB950-BC46-4AA2-9466-49CDCD47F3EA}.Debug|Any CPU.ActiveCfg = Debug|Any CPU
		{1CBDB950-BC46-4AA2-9466-49CDCD47F3EA}.Debug|Any CPU.Build.0 = Debug|Any CPU
		{1CBDB950-BC46-4AA2-9466-49CDCD47F3EA}.Release|Any CPU.ActiveCfg = Release|Any CPU
		{1CBDB950-BC46-4AA2-9466-49CDCD47F3EA}.Release|Any CPU.Build.0 = Release|Any CPU
		{157DC2F4-DF85-4AD4-8B31-13CEF7D73EDC}.Debug|Any CPU.ActiveCfg = Debug|Any CPU
		{157DC2F4-DF85-4AD4-8B31-13CEF7D73EDC}.Debug|Any CPU.Build.0 = Debug|Any CPU
		{157DC2F4-DF85-4AD4-8B31-13CEF7D73EDC}.Release|Any CPU.ActiveCfg = Release|Any CPU
		{157DC2F4-DF85-4AD4-8B31-13CEF7D73EDC}.Release|Any CPU.Build.0 = Release|Any CPU
	EndGlobalSection
	GlobalSection(SolutionProperties) = preSolution
		HideSolutionNode = FALSE
	EndGlobalSection
	GlobalSection(NestedProjects) = preSolution
		{4D28B1C6-71A0-4DF1-A047-6020BFBF1971} = {2B40745B-9EFA-4088-ACF9-3E9574DA05E5}
		{4BEE0B9F-1BA9-449E-85B8-AF668BE78BE9} = {2B40745B-9EFA-4088-ACF9-3E9574DA05E5}
		{1CBDB950-BC46-4AA2-9466-49CDCD47F3EA} = {2B40745B-9EFA-4088-ACF9-3E9574DA05E5}
		{157DC2F4-DF85-4AD4-8B31-13CEF7D73EDC} = {2B40745B-9EFA-4088-ACF9-3E9574DA05E5}
	EndGlobalSection
EndGlobal
