
Microsoft Visual Studio Solution File, Format Version 12.00
# Visual Studio Version 17
VisualStudioVersion = 17.12.35514.174
MinimumVisualStudioVersion = 10.0.40219.1
Project("{9A19103F-16F7-4668-BE54-9A1E7A4F7556}") = "RMSNextGen.Web", "RMSNextGen.Web\RMSNextGen.Web.csproj", "{EDE68E75-ECFB-4B88-BC6E-D29225E92EFC}"
EndProject
Project("{2150E333-8FDC-42A3-9474-1A3956D46DE8}") = "RMSNextGen", "RMSNextGen", "{8198CE56-1D2B-4A7E-BAAC-E4846F3B5B0B}"
EndProject
Project("{9A19103F-16F7-4668-BE54-9A1E7A4F7556}") = "RMSNextGen.DAL", "DAL\RMSNextGen.DAL.csproj", "{E3C6E5CA-37AB-4101-9C46-B1A5A95EC840}"
EndProject
Project("{9A19103F-16F7-4668-BE54-9A1E7A4F7556}") = "RMSNextGen.Models", "RMSNextGen.DB\RMSNextGen.Models.csproj", "{E322D214-6686-4B1C-9376-3571EF56C84A}"
EndProject
Project("{9A19103F-16F7-4668-BE54-9A1E7A4F7556}") = "RMSNextGen.Services", "RMSNextGen.Services\RMSNextGen.Services.csproj", "{C69D3CFD-8430-4907-9768-E9A9FFC075F1}"
EndProject
Project("{00D1A9C2-B5F0-4AF3-8072-F6C62B433612}") = "RMSNextGen.DB", "Db\RMSNextGen.DB.sqlproj", "{D83A5901-5134-464B-ADE4-52E045E36E38}"
EndProject
Project("{9A19103F-16F7-4668-BE54-9A1E7A4F7556}") = "SMS.Web", "SMS.Web\SMS.Web.csproj", "{62DF734D-6AC5-4134-B6B5-68E73B2A2451}"
EndProject
Project("{2150E333-8FDC-42A3-9474-1A3956D46DE8}") = "SMS", "SMS", "{1C784B6A-FB47-4476-9EC9-C30DE5F81AD4}"
EndProject
Project("{9A19103F-16F7-4668-BE54-9A1E7A4F7556}") = "SMS.Services", "SMS.BAL\SMS.Services.csproj", "{8A67EBB1-F03C-4623-973B-356B9B8B77DF}"
EndProject
Project("{9A19103F-16F7-4668-BE54-9A1E7A4F7556}") = "SMS.Models", "SMS.Models\SMS.Models.csproj", "{3735E38E-A3BD-45C0-AC79-696D3DAC2E08}"
EndProject
Project("{9A19103F-16F7-4668-BE54-9A1E7A4F7556}") = "SMS.DAL", "SMS.DAL\SMS.DAL.csproj", "{241FE200-F787-4E1A-BEE7-0B79F194043C}"
EndProject
Project("{00D1A9C2-B5F0-4AF3-8072-F6C62B433612}") = "SMS.Db", "SMS.Db\SMS.Db.sqlproj", "{B882C4DD-944E-4DAD-BCA9-74469C8D3FB5}"
EndProject
Project("{9A19103F-16F7-4668-BE54-9A1E7A4F7556}") = "RMSAppUsingWebAPI", "RMSAppUsingWebAPI\RMSAppUsingWebAPI.csproj", "{6DB273C2-2CCD-4AC2-B448-D2D1C1BFFCBC}"
EndProject
Project("{2150E333-8FDC-42A3-9474-1A3956D46DE8}") = "NewFolder1", "NewFolder1", "{654B4E8B-DEB1-462E-9496-D97742070DF7}"
EndProject
Project("{9A19103F-16F7-4668-BE54-9A1E7A4F7556}") = "RMSAppUsingWebAPI.DAL", "RMSAppUsingWebAPI.DAL\RMSAppUsingWebAPI.DAL.csproj", "{D5CD06AF-4096-4BFB-AB36-BD5848665C3A}"
EndProject
Project("{FAE04EC0-301F-11D3-BF4B-00C04F79EFBC}") = "BookXpertAssignment", "BookXpertAssignment\BookXpertAssignment.csproj", "{135CE776-5DC5-448E-8DE2-596D00E4ABC9}"
EndProject
Project("{FAE04EC0-301F-11D3-BF4B-00C04F79EFBC}") = "BookXpertAssignment.Models", "BookXpertAssignment.Models\BookXpertAssignment.Models.csproj", "{F9D6E1F9-233F-4A75-A109-C3BC0FA7A20B}"
EndProject
Project("{FAE04EC0-301F-11D3-BF4B-00C04F79EFBC}") = "BookXpertAssignment.DAL", "BookXpertAssignment.DAL\BookXpertAssignment.DAL.csproj", "{01D2731B-FE59-4B44-9A62-D26DE8C624A0}"
EndProject
Project("{FAE04EC0-301F-11D3-BF4B-00C04F79EFBC}") = "BookXpertAssignment.Services", "BookXpertAssignment.Services\BookXpertAssignment.Services.csproj", "{1A896A81-0BA1-47D3-85DB-54226F3ACFB4}"
EndProject
Global
	GlobalSection(SolutionConfigurationPlatforms) = preSolution
		Debug|Any CPU = Debug|Any CPU
		Release|Any CPU = Release|Any CPU
	EndGlobalSection
	GlobalSection(ProjectConfigurationPlatforms) = postSolution
		{EDE68E75-ECFB-4B88-BC6E-D29225E92EFC}.Debug|Any CPU.ActiveCfg = Debug|Any CPU
		{EDE68E75-ECFB-4B88-BC6E-D29225E92EFC}.Debug|Any CPU.Build.0 = Debug|Any CPU
		{EDE68E75-ECFB-4B88-BC6E-D29225E92EFC}.Release|Any CPU.ActiveCfg = Release|Any CPU
		{EDE68E75-ECFB-4B88-BC6E-D29225E92EFC}.Release|Any CPU.Build.0 = Release|Any CPU
		{E3C6E5CA-37AB-4101-9C46-B1A5A95EC840}.Debug|Any CPU.ActiveCfg = Debug|Any CPU
		{E3C6E5CA-37AB-4101-9C46-B1A5A95EC840}.Debug|Any CPU.Build.0 = Debug|Any CPU
		{E3C6E5CA-37AB-4101-9C46-B1A5A95EC840}.Release|Any CPU.ActiveCfg = Release|Any CPU
		{E3C6E5CA-37AB-4101-9C46-B1A5A95EC840}.Release|Any CPU.Build.0 = Release|Any CPU
		{E322D214-6686-4B1C-9376-3571EF56C84A}.Debug|Any CPU.ActiveCfg = Debug|Any CPU
		{E322D214-6686-4B1C-9376-3571EF56C84A}.Debug|Any CPU.Build.0 = Debug|Any CPU
		{E322D214-6686-4B1C-9376-3571EF56C84A}.Release|Any CPU.ActiveCfg = Release|Any CPU
		{E322D214-6686-4B1C-9376-3571EF56C84A}.Release|Any CPU.Build.0 = Release|Any CPU
		{C69D3CFD-8430-4907-9768-E9A9FFC075F1}.Debug|Any CPU.ActiveCfg = Debug|Any CPU
		{C69D3CFD-8430-4907-9768-E9A9FFC075F1}.Debug|Any CPU.Build.0 = Debug|Any CPU
		{C69D3CFD-8430-4907-9768-E9A9FFC075F1}.Release|Any CPU.ActiveCfg = Release|Any CPU
		{C69D3CFD-8430-4907-9768-E9A9FFC075F1}.Release|Any CPU.Build.0 = Release|Any CPU
		{D83A5901-5134-464B-ADE4-52E045E36E38}.Debug|Any CPU.ActiveCfg = Debug|Any CPU
		{D83A5901-5134-464B-ADE4-52E045E36E38}.Debug|Any CPU.Build.0 = Debug|Any CPU
		{D83A5901-5134-464B-ADE4-52E045E36E38}.Debug|Any CPU.Deploy.0 = Debug|Any CPU
		{D83A5901-5134-464B-ADE4-52E045E36E38}.Release|Any CPU.ActiveCfg = Release|Any CPU
		{D83A5901-5134-464B-ADE4-52E045E36E38}.Release|Any CPU.Build.0 = Release|Any CPU
		{D83A5901-5134-464B-ADE4-52E045E36E38}.Release|Any CPU.Deploy.0 = Release|Any CPU
		{62DF734D-6AC5-4134-B6B5-68E73B2A2451}.Debug|Any CPU.ActiveCfg = Debug|Any CPU
		{62DF734D-6AC5-4134-B6B5-68E73B2A2451}.Debug|Any CPU.Build.0 = Debug|Any CPU
		{62DF734D-6AC5-4134-B6B5-68E73B2A2451}.Release|Any CPU.ActiveCfg = Release|Any CPU
		{62DF734D-6AC5-4134-B6B5-68E73B2A2451}.Release|Any CPU.Build.0 = Release|Any CPU
		{8A67EBB1-F03C-4623-973B-356B9B8B77DF}.Debug|Any CPU.ActiveCfg = Debug|Any CPU
		{8A67EBB1-F03C-4623-973B-356B9B8B77DF}.Debug|Any CPU.Build.0 = Debug|Any CPU
		{8A67EBB1-F03C-4623-973B-356B9B8B77DF}.Release|Any CPU.ActiveCfg = Release|Any CPU
		{8A67EBB1-F03C-4623-973B-356B9B8B77DF}.Release|Any CPU.Build.0 = Release|Any CPU
		{3735E38E-A3BD-45C0-AC79-696D3DAC2E08}.Debug|Any CPU.ActiveCfg = Debug|Any CPU
		{3735E38E-A3BD-45C0-AC79-696D3DAC2E08}.Debug|Any CPU.Build.0 = Debug|Any CPU
		{3735E38E-A3BD-45C0-AC79-696D3DAC2E08}.Release|Any CPU.ActiveCfg = Release|Any CPU
		{3735E38E-A3BD-45C0-AC79-696D3DAC2E08}.Release|Any CPU.Build.0 = Release|Any CPU
		{241FE200-F787-4E1A-BEE7-0B79F194043C}.Debug|Any CPU.ActiveCfg = Debug|Any CPU
		{241FE200-F787-4E1A-BEE7-0B79F194043C}.Debug|Any CPU.Build.0 = Debug|Any CPU
		{241FE200-F787-4E1A-BEE7-0B79F194043C}.Release|Any CPU.ActiveCfg = Release|Any CPU
		{241FE200-F787-4E1A-BEE7-0B79F194043C}.Release|Any CPU.Build.0 = Release|Any CPU
		{B882C4DD-944E-4DAD-BCA9-74469C8D3FB5}.Debug|Any CPU.ActiveCfg = Debug|Any CPU
		{B882C4DD-944E-4DAD-BCA9-74469C8D3FB5}.Debug|Any CPU.Build.0 = Debug|Any CPU
		{B882C4DD-944E-4DAD-BCA9-74469C8D3FB5}.Debug|Any CPU.Deploy.0 = Debug|Any CPU
		{B882C4DD-944E-4DAD-BCA9-74469C8D3FB5}.Release|Any CPU.ActiveCfg = Release|Any CPU
		{B882C4DD-944E-4DAD-BCA9-74469C8D3FB5}.Release|Any CPU.Build.0 = Release|Any CPU
		{B882C4DD-944E-4DAD-BCA9-74469C8D3FB5}.Release|Any CPU.Deploy.0 = Release|Any CPU
		{6DB273C2-2CCD-4AC2-B448-D2D1C1BFFCBC}.Debug|Any CPU.ActiveCfg = Debug|Any CPU
		{6DB273C2-2CCD-4AC2-B448-D2D1C1BFFCBC}.Debug|Any CPU.Build.0 = Debug|Any CPU
		{6DB273C2-2CCD-4AC2-B448-D2D1C1BFFCBC}.Release|Any CPU.ActiveCfg = Release|Any CPU
		{6DB273C2-2CCD-4AC2-B448-D2D1C1BFFCBC}.Release|Any CPU.Build.0 = Release|Any CPU
		{D5CD06AF-4096-4BFB-AB36-BD5848665C3A}.Debug|Any CPU.ActiveCfg = Debug|Any CPU
		{D5CD06AF-4096-4BFB-AB36-BD5848665C3A}.Debug|Any CPU.Build.0 = Debug|Any CPU
		{D5CD06AF-4096-4BFB-AB36-BD5848665C3A}.Release|Any CPU.ActiveCfg = Release|Any CPU
		{D5CD06AF-4096-4BFB-AB36-BD5848665C3A}.Release|Any CPU.Build.0 = Release|Any CPU
		{135CE776-5DC5-448E-8DE2-596D00E4ABC9}.Debug|Any CPU.ActiveCfg = Debug|Any CPU
		{135CE776-5DC5-448E-8DE2-596D00E4ABC9}.Debug|Any CPU.Build.0 = Debug|Any CPU
		{135CE776-5DC5-448E-8DE2-596D00E4ABC9}.Release|Any CPU.ActiveCfg = Release|Any CPU
		{135CE776-5DC5-448E-8DE2-596D00E4ABC9}.Release|Any CPU.Build.0 = Release|Any CPU
		{F9D6E1F9-233F-4A75-A109-C3BC0FA7A20B}.Debug|Any CPU.ActiveCfg = Debug|Any CPU
		{F9D6E1F9-233F-4A75-A109-C3BC0FA7A20B}.Debug|Any CPU.Build.0 = Debug|Any CPU
		{F9D6E1F9-233F-4A75-A109-C3BC0FA7A20B}.Release|Any CPU.ActiveCfg = Release|Any CPU
		{F9D6E1F9-233F-4A75-A109-C3BC0FA7A20B}.Release|Any CPU.Build.0 = Release|Any CPU
		{01D2731B-FE59-4B44-9A62-D26DE8C624A0}.Debug|Any CPU.ActiveCfg = Debug|Any CPU
		{01D2731B-FE59-4B44-9A62-D26DE8C624A0}.Debug|Any CPU.Build.0 = Debug|Any CPU
		{01D2731B-FE59-4B44-9A62-D26DE8C624A0}.Release|Any CPU.ActiveCfg = Release|Any CPU
		{01D2731B-FE59-4B44-9A62-D26DE8C624A0}.Release|Any CPU.Build.0 = Release|Any CPU
		{1A896A81-0BA1-47D3-85DB-54226F3ACFB4}.Debug|Any CPU.ActiveCfg = Debug|Any CPU
		{1A896A81-0BA1-47D3-85DB-54226F3ACFB4}.Debug|Any CPU.Build.0 = Debug|Any CPU
		{1A896A81-0BA1-47D3-85DB-54226F3ACFB4}.Release|Any CPU.ActiveCfg = Release|Any CPU
		{1A896A81-0BA1-47D3-85DB-54226F3ACFB4}.Release|Any CPU.Build.0 = Release|Any CPU
	EndGlobalSection
	GlobalSection(SolutionProperties) = preSolution
		HideSolutionNode = FALSE
	EndGlobalSection
	GlobalSection(NestedProjects) = preSolution
		{EDE68E75-ECFB-4B88-BC6E-D29225E92EFC} = {8198CE56-1D2B-4A7E-BAAC-E4846F3B5B0B}
		{E3C6E5CA-37AB-4101-9C46-B1A5A95EC840} = {8198CE56-1D2B-4A7E-BAAC-E4846F3B5B0B}
		{E322D214-6686-4B1C-9376-3571EF56C84A} = {8198CE56-1D2B-4A7E-BAAC-E4846F3B5B0B}
		{C69D3CFD-8430-4907-9768-E9A9FFC075F1} = {8198CE56-1D2B-4A7E-BAAC-E4846F3B5B0B}
		{D83A5901-5134-464B-ADE4-52E045E36E38} = {8198CE56-1D2B-4A7E-BAAC-E4846F3B5B0B}
		{62DF734D-6AC5-4134-B6B5-68E73B2A2451} = {1C784B6A-FB47-4476-9EC9-C30DE5F81AD4}
		{8A67EBB1-F03C-4623-973B-356B9B8B77DF} = {1C784B6A-FB47-4476-9EC9-C30DE5F81AD4}
		{3735E38E-A3BD-45C0-AC79-696D3DAC2E08} = {1C784B6A-FB47-4476-9EC9-C30DE5F81AD4}
		{241FE200-F787-4E1A-BEE7-0B79F194043C} = {1C784B6A-FB47-4476-9EC9-C30DE5F81AD4}
		{B882C4DD-944E-4DAD-BCA9-74469C8D3FB5} = {1C784B6A-FB47-4476-9EC9-C30DE5F81AD4}
	EndGlobalSection
	GlobalSection(ExtensibilityGlobals) = postSolution
		SolutionGuid = {F49717C7-C0B5-4022-A012-0FEB16DE7106}
	EndGlobalSection
EndGlobal
