
Microsoft Visual Studio Solution File, Format Version 12.00
# Visual Studio Version 17
VisualStudioVersion = 17.11.35303.130
MinimumVisualStudioVersion = 10.0.40219.1
Project("{9A19103F-16F7-4668-BE54-9A1E7A4F7556}") = "RMSNextGen.Web", "RMSNextGen.Web.csproj", "{4BD75C4A-0076-45F7-831B-E85DD4990DDD}"
EndProject
Global
	GlobalSection(SolutionConfigurationPlatforms) = preSolution
		Debug|Any CPU = Debug|Any CPU
		Release|Any CPU = Release|Any CPU
	EndGlobalSection
	GlobalSection(ProjectConfigurationPlatforms) = postSolution
		{4BD75C4A-0076-45F7-831B-E85DD4990DDD}.Debug|Any CPU.ActiveCfg = Debug|Any CPU
		{4BD75C4A-0076-45F7-831B-E85DD4990DDD}.Debug|Any CPU.Build.0 = Debug|Any CPU
		{4BD75C4A-0076-45F7-831B-E85DD4990DDD}.Release|Any CPU.ActiveCfg = Release|Any CPU
		{4BD75C4A-0076-45F7-831B-E85DD4990DDD}.Release|Any CPU.Build.0 = Release|Any CPU
	EndGlobalSection
	GlobalSection(SolutionProperties) = preSolution
		HideSolutionNode = FALSE
	EndGlobalSection
	GlobalSection(ExtensibilityGlobals) = postSolution
		SolutionGuid = {89CCBE46-EE11-46CD-97A9-7C63CE64099B}
	EndGlobalSection
EndGlobal
